
Microsoft Visual Studio Solution File, Format Version 12.00
# Visual Studio 14
VisualStudioVersion = 14.0.25420.1
MinimumVisualStudioVersion = 10.0.40219.1
Project("{2150E333-8FDC-42A3-9474-1A3956D46DE8}") = "src", "src", "{D9CC8BE6-7F0E-4AED-8E93-749B898481AE}"
EndProject
Project("{2150E333-8FDC-42A3-9474-1A3956D46DE8}") = "Solution Items", "Solution Items", "{FA12DE14-F299-49C3-AEE2-6759DB50EAC0}"
	ProjectSection(SolutionItems) = preProject
		global.json = global.json
		NuGet.config = NuGet.config
	EndProjectSection
EndProject
Project("{8BB2217D-0F2D-49D1-97BC-3654ED321F3B}") = "TFN.Api", "src\TFN.Api\TFN.Api.xproj", "{F5A9120B-39AD-488D-A50A-F5D1206C5908}"
EndProject
Project("{2150E333-8FDC-42A3-9474-1A3956D46DE8}") = "Clients", "Clients", "{79E11449-059B-4E41-ADCC-A5E42251E7E3}"
EndProject
Project("{2150E333-8FDC-42A3-9474-1A3956D46DE8}") = "Domain", "Domain", "{EB6EFA07-FEEE-48B0-9388-138BF2A53D6A}"
EndProject
Project("{2150E333-8FDC-42A3-9474-1A3956D46DE8}") = "Infrastructure", "Infrastructure", "{ED2EF932-E69D-44F8-8477-B4A348A60A7E}"
EndProject
Project("{8BB2217D-0F2D-49D1-97BC-3654ED321F3B}") = "TFN.Domain.Interfaces", "src\TFN.Domain.Interfaces\TFN.Domain.Interfaces.xproj", "{C8B68938-154E-4B11-B5DF-85B574CD9239}"
EndProject
Project("{8BB2217D-0F2D-49D1-97BC-3654ED321F3B}") = "TFN.Domain.Models", "src\TFN.Domain.Models\TFN.Domain.Models.xproj", "{F60ECA3A-8BD0-4B42-9A43-E2DE9BC0F82E}"
EndProject
Project("{8BB2217D-0F2D-49D1-97BC-3654ED321F3B}") = "TFN.Domain.Services", "src\TFN.Domain.Services\TFN.Domain.Services.xproj", "{B6817E4C-B7B1-4854-8BCD-E1AD144CC5FB}"
EndProject
Project("{2150E333-8FDC-42A3-9474-1A3956D46DE8}") = "test", "test", "{C1FF6FCB-E9CE-4F5C-88C6-906D2E3989B3}"
EndProject
Project("{8BB2217D-0F2D-49D1-97BC-3654ED321F3B}") = "TFN.Infrastructure", "src\TFN.Infrastructure\TFN.Infrastructure.xproj", "{72880B66-6D30-46FC-90CF-2E0B22F50650}"
EndProject
Project("{8BB2217D-0F2D-49D1-97BC-3654ED321F3B}") = "TFN.Resolution", "src\TFN.Resolution\TFN.Resolution.xproj", "{B0032C00-DC30-4D6B-8B5E-AC6B9458AEE4}"
EndProject
Project("{8BB2217D-0F2D-49D1-97BC-3654ED321F3B}") = "TFN.UnitTest", "test\TFN.UnitTest\TFN.UnitTest.xproj", "{B117A74E-275C-4A39-8036-1149F49CC9E0}"
EndProject
Project("{8BB2217D-0F2D-49D1-97BC-3654ED321F3B}") = "TFN.DomainDrivenArchitecture.Domain", "src\TFN.DomainDrivenArchitecture.Domain\TFN.DomainDrivenArchitecture.Domain.xproj", "{7AD5D321-B2F4-4E7B-8B94-DB2B50A4D38E}"
EndProject
Project("{8BB2217D-0F2D-49D1-97BC-3654ED321F3B}") = "TFN.Mvc", "src\TFN.Mvc\TFN.Mvc.xproj", "{AFDAC46A-475B-4E82-B18A-333ACA522745}"
EndProject
Project("{8BB2217D-0F2D-49D1-97BC-3654ED321F3B}") = "TFN.Api.Authorization", "src\TFN.Api.Authorization\TFN.Api.Authorization.xproj", "{BDD69BF9-393C-4C96-B4F4-E936FC4DD8E3}"
EndProject
Project("{8BB2217D-0F2D-49D1-97BC-3654ED321F3B}") = "TFN.MediaLibrary", "src\TFN.MediaLibrary\TFN.MediaLibrary.xproj", "{86B79815-D028-4558-AE2A-C0BC175E063D}"
EndProject
Project("{8BB2217D-0F2D-49D1-97BC-3654ED321F3B}") = "TFN.ActorSystem", "src\TFN.ActorSystem\TFN.ActorSystem.xproj", "{B655E5E9-9A04-45FE-B2B4-1FE675621D63}"
EndProject
Global
	GlobalSection(SolutionConfigurationPlatforms) = preSolution
		Debug|Any CPU = Debug|Any CPU
		DebugToConsole|Any CPU = DebugToConsole|Any CPU
		Release|Any CPU = Release|Any CPU
	EndGlobalSection
	GlobalSection(ProjectConfigurationPlatforms) = postSolution
		{F5A9120B-39AD-488D-A50A-F5D1206C5908}.Debug|Any CPU.ActiveCfg = Debug|Any CPU
		{F5A9120B-39AD-488D-A50A-F5D1206C5908}.Debug|Any CPU.Build.0 = Debug|Any CPU
		{F5A9120B-39AD-488D-A50A-F5D1206C5908}.DebugToConsole|Any CPU.ActiveCfg = Debug|Any CPU
		{F5A9120B-39AD-488D-A50A-F5D1206C5908}.DebugToConsole|Any CPU.Build.0 = Debug|Any CPU
		{F5A9120B-39AD-488D-A50A-F5D1206C5908}.Release|Any CPU.ActiveCfg = Release|Any CPU
		{F5A9120B-39AD-488D-A50A-F5D1206C5908}.Release|Any CPU.Build.0 = Release|Any CPU
		{C8B68938-154E-4B11-B5DF-85B574CD9239}.Debug|Any CPU.ActiveCfg = Debug|Any CPU
		{C8B68938-154E-4B11-B5DF-85B574CD9239}.Debug|Any CPU.Build.0 = Debug|Any CPU
		{C8B68938-154E-4B11-B5DF-85B574CD9239}.DebugToConsole|Any CPU.ActiveCfg = Debug|Any CPU
		{C8B68938-154E-4B11-B5DF-85B574CD9239}.DebugToConsole|Any CPU.Build.0 = Debug|Any CPU
		{C8B68938-154E-4B11-B5DF-85B574CD9239}.Release|Any CPU.ActiveCfg = Release|Any CPU
		{C8B68938-154E-4B11-B5DF-85B574CD9239}.Release|Any CPU.Build.0 = Release|Any CPU
		{F60ECA3A-8BD0-4B42-9A43-E2DE9BC0F82E}.Debug|Any CPU.ActiveCfg = Debug|Any CPU
		{F60ECA3A-8BD0-4B42-9A43-E2DE9BC0F82E}.Debug|Any CPU.Build.0 = Debug|Any CPU
		{F60ECA3A-8BD0-4B42-9A43-E2DE9BC0F82E}.DebugToConsole|Any CPU.ActiveCfg = Debug|Any CPU
		{F60ECA3A-8BD0-4B42-9A43-E2DE9BC0F82E}.DebugToConsole|Any CPU.Build.0 = Debug|Any CPU
		{F60ECA3A-8BD0-4B42-9A43-E2DE9BC0F82E}.Release|Any CPU.ActiveCfg = Release|Any CPU
		{F60ECA3A-8BD0-4B42-9A43-E2DE9BC0F82E}.Release|Any CPU.Build.0 = Release|Any CPU
		{B6817E4C-B7B1-4854-8BCD-E1AD144CC5FB}.Debug|Any CPU.ActiveCfg = Debug|Any CPU
		{B6817E4C-B7B1-4854-8BCD-E1AD144CC5FB}.Debug|Any CPU.Build.0 = Debug|Any CPU
		{B6817E4C-B7B1-4854-8BCD-E1AD144CC5FB}.DebugToConsole|Any CPU.ActiveCfg = Debug|Any CPU
		{B6817E4C-B7B1-4854-8BCD-E1AD144CC5FB}.DebugToConsole|Any CPU.Build.0 = Debug|Any CPU
		{B6817E4C-B7B1-4854-8BCD-E1AD144CC5FB}.Release|Any CPU.ActiveCfg = Release|Any CPU
		{B6817E4C-B7B1-4854-8BCD-E1AD144CC5FB}.Release|Any CPU.Build.0 = Release|Any CPU
		{72880B66-6D30-46FC-90CF-2E0B22F50650}.Debug|Any CPU.ActiveCfg = Debug|Any CPU
		{72880B66-6D30-46FC-90CF-2E0B22F50650}.Debug|Any CPU.Build.0 = Debug|Any CPU
		{72880B66-6D30-46FC-90CF-2E0B22F50650}.DebugToConsole|Any CPU.ActiveCfg = Debug|Any CPU
		{72880B66-6D30-46FC-90CF-2E0B22F50650}.DebugToConsole|Any CPU.Build.0 = Debug|Any CPU
		{72880B66-6D30-46FC-90CF-2E0B22F50650}.Release|Any CPU.ActiveCfg = Release|Any CPU
		{72880B66-6D30-46FC-90CF-2E0B22F50650}.Release|Any CPU.Build.0 = Release|Any CPU
		{B0032C00-DC30-4D6B-8B5E-AC6B9458AEE4}.Debug|Any CPU.ActiveCfg = Debug|Any CPU
		{B0032C00-DC30-4D6B-8B5E-AC6B9458AEE4}.Debug|Any CPU.Build.0 = Debug|Any CPU
		{B0032C00-DC30-4D6B-8B5E-AC6B9458AEE4}.DebugToConsole|Any CPU.ActiveCfg = Debug|Any CPU
		{B0032C00-DC30-4D6B-8B5E-AC6B9458AEE4}.DebugToConsole|Any CPU.Build.0 = Debug|Any CPU
		{B0032C00-DC30-4D6B-8B5E-AC6B9458AEE4}.Release|Any CPU.ActiveCfg = Release|Any CPU
		{B0032C00-DC30-4D6B-8B5E-AC6B9458AEE4}.Release|Any CPU.Build.0 = Release|Any CPU
		{B117A74E-275C-4A39-8036-1149F49CC9E0}.Debug|Any CPU.ActiveCfg = Debug|Any CPU
		{B117A74E-275C-4A39-8036-1149F49CC9E0}.Debug|Any CPU.Build.0 = Debug|Any CPU
		{B117A74E-275C-4A39-8036-1149F49CC9E0}.DebugToConsole|Any CPU.ActiveCfg = Debug|Any CPU
		{B117A74E-275C-4A39-8036-1149F49CC9E0}.DebugToConsole|Any CPU.Build.0 = Debug|Any CPU
		{B117A74E-275C-4A39-8036-1149F49CC9E0}.Release|Any CPU.ActiveCfg = Release|Any CPU
		{B117A74E-275C-4A39-8036-1149F49CC9E0}.Release|Any CPU.Build.0 = Release|Any CPU
		{7AD5D321-B2F4-4E7B-8B94-DB2B50A4D38E}.Debug|Any CPU.ActiveCfg = Debug|Any CPU
		{7AD5D321-B2F4-4E7B-8B94-DB2B50A4D38E}.Debug|Any CPU.Build.0 = Debug|Any CPU
		{7AD5D321-B2F4-4E7B-8B94-DB2B50A4D38E}.DebugToConsole|Any CPU.ActiveCfg = Debug|Any CPU
		{7AD5D321-B2F4-4E7B-8B94-DB2B50A4D38E}.DebugToConsole|Any CPU.Build.0 = Debug|Any CPU
		{7AD5D321-B2F4-4E7B-8B94-DB2B50A4D38E}.Release|Any CPU.ActiveCfg = Release|Any CPU
		{7AD5D321-B2F4-4E7B-8B94-DB2B50A4D38E}.Release|Any CPU.Build.0 = Release|Any CPU
		{AFDAC46A-475B-4E82-B18A-333ACA522745}.Debug|Any CPU.ActiveCfg = Debug|Any CPU
		{AFDAC46A-475B-4E82-B18A-333ACA522745}.Debug|Any CPU.Build.0 = Debug|Any CPU
		{AFDAC46A-475B-4E82-B18A-333ACA522745}.DebugToConsole|Any CPU.ActiveCfg = Debug|Any CPU
		{AFDAC46A-475B-4E82-B18A-333ACA522745}.DebugToConsole|Any CPU.Build.0 = Debug|Any CPU
		{AFDAC46A-475B-4E82-B18A-333ACA522745}.Release|Any CPU.ActiveCfg = Release|Any CPU
		{AFDAC46A-475B-4E82-B18A-333ACA522745}.Release|Any CPU.Build.0 = Release|Any CPU
		{BDD69BF9-393C-4C96-B4F4-E936FC4DD8E3}.Debug|Any CPU.ActiveCfg = Debug|Any CPU
		{BDD69BF9-393C-4C96-B4F4-E936FC4DD8E3}.Debug|Any CPU.Build.0 = Debug|Any CPU
		{BDD69BF9-393C-4C96-B4F4-E936FC4DD8E3}.DebugToConsole|Any CPU.ActiveCfg = Debug|Any CPU
		{BDD69BF9-393C-4C96-B4F4-E936FC4DD8E3}.DebugToConsole|Any CPU.Build.0 = Debug|Any CPU
		{BDD69BF9-393C-4C96-B4F4-E936FC4DD8E3}.Release|Any CPU.ActiveCfg = Release|Any CPU
		{BDD69BF9-393C-4C96-B4F4-E936FC4DD8E3}.Release|Any CPU.Build.0 = Release|Any CPU
		{86B79815-D028-4558-AE2A-C0BC175E063D}.Debug|Any CPU.ActiveCfg = Debug|Any CPU
		{86B79815-D028-4558-AE2A-C0BC175E063D}.Debug|Any CPU.Build.0 = Debug|Any CPU
		{86B79815-D028-4558-AE2A-C0BC175E063D}.DebugToConsole|Any CPU.ActiveCfg = Debug|Any CPU
		{86B79815-D028-4558-AE2A-C0BC175E063D}.DebugToConsole|Any CPU.Build.0 = Debug|Any CPU
		{86B79815-D028-4558-AE2A-C0BC175E063D}.Release|Any CPU.ActiveCfg = Release|Any CPU
		{86B79815-D028-4558-AE2A-C0BC175E063D}.Release|Any CPU.Build.0 = Release|Any CPU
		{B655E5E9-9A04-45FE-B2B4-1FE675621D63}.Debug|Any CPU.ActiveCfg = Debug|Any CPU
		{B655E5E9-9A04-45FE-B2B4-1FE675621D63}.Debug|Any CPU.Build.0 = Debug|Any CPU
		{B655E5E9-9A04-45FE-B2B4-1FE675621D63}.DebugToConsole|Any CPU.ActiveCfg = Debug|Any CPU
		{B655E5E9-9A04-45FE-B2B4-1FE675621D63}.DebugToConsole|Any CPU.Build.0 = Debug|Any CPU
		{B655E5E9-9A04-45FE-B2B4-1FE675621D63}.Release|Any CPU.ActiveCfg = Release|Any CPU
		{B655E5E9-9A04-45FE-B2B4-1FE675621D63}.Release|Any CPU.Build.0 = Release|Any CPU
	EndGlobalSection
	GlobalSection(SolutionProperties) = preSolution
		HideSolutionNode = FALSE
	EndGlobalSection
	GlobalSection(NestedProjects) = preSolution
		{F5A9120B-39AD-488D-A50A-F5D1206C5908} = {79E11449-059B-4E41-ADCC-A5E42251E7E3}
		{79E11449-059B-4E41-ADCC-A5E42251E7E3} = {D9CC8BE6-7F0E-4AED-8E93-749B898481AE}
		{EB6EFA07-FEEE-48B0-9388-138BF2A53D6A} = {D9CC8BE6-7F0E-4AED-8E93-749B898481AE}
		{ED2EF932-E69D-44F8-8477-B4A348A60A7E} = {D9CC8BE6-7F0E-4AED-8E93-749B898481AE}
		{C8B68938-154E-4B11-B5DF-85B574CD9239} = {EB6EFA07-FEEE-48B0-9388-138BF2A53D6A}
		{F60ECA3A-8BD0-4B42-9A43-E2DE9BC0F82E} = {EB6EFA07-FEEE-48B0-9388-138BF2A53D6A}
		{B6817E4C-B7B1-4854-8BCD-E1AD144CC5FB} = {EB6EFA07-FEEE-48B0-9388-138BF2A53D6A}
		{72880B66-6D30-46FC-90CF-2E0B22F50650} = {ED2EF932-E69D-44F8-8477-B4A348A60A7E}
		{B0032C00-DC30-4D6B-8B5E-AC6B9458AEE4} = {ED2EF932-E69D-44F8-8477-B4A348A60A7E}
		{B117A74E-275C-4A39-8036-1149F49CC9E0} = {C1FF6FCB-E9CE-4F5C-88C6-906D2E3989B3}
		{7AD5D321-B2F4-4E7B-8B94-DB2B50A4D38E} = {EB6EFA07-FEEE-48B0-9388-138BF2A53D6A}
		{AFDAC46A-475B-4E82-B18A-333ACA522745} = {79E11449-059B-4E41-ADCC-A5E42251E7E3}
		{BDD69BF9-393C-4C96-B4F4-E936FC4DD8E3} = {79E11449-059B-4E41-ADCC-A5E42251E7E3}
		{86B79815-D028-4558-AE2A-C0BC175E063D} = {EB6EFA07-FEEE-48B0-9388-138BF2A53D6A}
		{B655E5E9-9A04-45FE-B2B4-1FE675621D63} = {79E11449-059B-4E41-ADCC-A5E42251E7E3}
	EndGlobalSection
EndGlobal
